
Microsoft Visual Studio Solution File, Format Version 12.00
# Visual Studio Version 17
VisualStudioVersion = 17.7.34031.279
MinimumVisualStudioVersion = 10.0.40219.1
Project("{FAE04EC0-301F-11D3-BF4B-00C04F79EFBC}") = "Tema2-AdivinaNúmero", "Tema2-AdivinaNúmero\Tema2-AdivinaNúmero.csproj", "{5CDAAB6D-9DDA-4F7E-A0C6-868F34BD5E25}"
EndProject
Global
	GlobalSection(SolutionConfigurationPlatforms) = preSolution
		Debug|Any CPU = Debug|Any CPU
		Release|Any CPU = Release|Any CPU
	EndGlobalSection
	GlobalSection(ProjectConfigurationPlatforms) = postSolution
		{5CDAAB6D-9DDA-4F7E-A0C6-868F34BD5E25}.Debug|Any CPU.ActiveCfg = Debug|Any CPU
		{5CDAAB6D-9DDA-4F7E-A0C6-868F34BD5E25}.Debug|Any CPU.Build.0 = Debug|Any CPU
		{5CDAAB6D-9DDA-4F7E-A0C6-868F34BD5E25}.Release|Any CPU.ActiveCfg = Release|Any CPU
		{5CDAAB6D-9DDA-4F7E-A0C6-868F34BD5E25}.Release|Any CPU.Build.0 = Release|Any CPU
	EndGlobalSection
	GlobalSection(SolutionProperties) = preSolution
		HideSolutionNode = FALSE
	EndGlobalSection
	GlobalSection(ExtensibilityGlobals) = postSolution
		SolutionGuid = {59F90D0D-EFAE-478D-B0C7-708B8AFE261B}
	EndGlobalSection
EndGlobal
